// !$*UTF8*$!
{
	archiveVersion = 1;
	classes = {
	};
	objectVersion = 46;
	objects = {

/* Begin PBXBuildFile section */
		18A5DF071CDB3B5200B3CEA4 /* main.m in Sources */ = {isa = PBXBuildFile; fileRef = 18A5DF061CDB3B5200B3CEA4 /* main.m */; };
		18A5DF0A1CDB3B5200B3CEA4 /* AppDelegate.m in Sources */ = {isa = PBXBuildFile; fileRef = 18A5DF091CDB3B5200B3CEA4 /* AppDelegate.m */; };
		18A5DF0D1CDB3B5200B3CEA4 /* ViewController.m in Sources */ = {isa = PBXBuildFile; fileRef = 18A5DF0C1CDB3B5200B3CEA4 /* ViewController.m */; };
		18A5DF101CDB3B5200B3CEA4 /* Main.storyboard in Resources */ = {isa = PBXBuildFile; fileRef = 18A5DF0E1CDB3B5200B3CEA4 /* Main.storyboard */; };
		18A5DF121CDB3B5200B3CEA4 /* Assets.xcassets in Resources */ = {isa = PBXBuildFile; fileRef = 18A5DF111CDB3B5200B3CEA4 /* Assets.xcassets */; };
		18A5DF151CDB3B5200B3CEA4 /* LaunchScreen.storyboard in Resources */ = {isa = PBXBuildFile; fileRef = 18A5DF131CDB3B5200B3CEA4 /* LaunchScreen.storyboard */; };
		35963B9154433103B57D4363 /* libPods.a in Frameworks */ = {isa = PBXBuildFile; fileRef = B8AD04B5D5070F354C1DD968 /* libPods.a */; };
/* End PBXBuildFile section */

/* Begin PBXFileReference section */
		18A5DF021CDB3B5200B3CEA4 /* MYJSQProject.app */ = {isa = PBXFileReference; explicitFileType = wrapper.application; includeInIndex = 0; path = MYJSQProject.app; sourceTree = BUILT_PRODUCTS_DIR; };
		18A5DF061CDB3B5200B3CEA4 /* main.m */ = {isa = PBXFileReference; lastKnownFileType = sourcecode.c.objc; path = main.m; sourceTree = "<group>"; };
		18A5DF081CDB3B5200B3CEA4 /* AppDelegate.h */ = {isa = PBXFileReference; lastKnownFileType = sourcecode.c.h; path = AppDelegate.h; sourceTree = "<group>"; };
		18A5DF091CDB3B5200B3CEA4 /* AppDelegate.m */ = {isa = PBXFileReference; lastKnownFileType = sourcecode.c.objc; path = AppDelegate.m; sourceTree = "<group>"; };
		18A5DF0B1CDB3B5200B3CEA4 /* ViewController.h */ = {isa = PBXFileReference; lastKnownFileType = sourcecode.c.h; path = ViewController.h; sourceTree = "<group>"; };
		18A5DF0C1CDB3B5200B3CEA4 /* ViewController.m */ = {isa = PBXFileReference; lastKnownFileType = sourcecode.c.objc; path = ViewController.m; sourceTree = "<group>"; };
		18A5DF0F1CDB3B5200B3CEA4 /* Base */ = {isa = PBXFileReference; lastKnownFileType = file.storyboard; name = Base; path = Base.lproj/Main.storyboard; sourceTree = "<group>"; };
		18A5DF111CDB3B5200B3CEA4 /* Assets.xcassets */ = {isa = PBXFileReference; lastKnownFileType = folder.assetcatalog; path = Assets.xcassets; sourceTree = "<group>"; };
		18A5DF141CDB3B5200B3CEA4 /* Base */ = {isa = PBXFileReference; lastKnownFileType = file.storyboard; name = Base; path = Base.lproj/LaunchScreen.storyboard; sourceTree = "<group>"; };
		18A5DF161CDB3B5200B3CEA4 /* Info.plist */ = {isa = PBXFileReference; lastKnownFileType = text.plist.xml; path = Info.plist; sourceTree = "<group>"; };
		5D48D36D6174B3AABEAE4ACD /* Pods.debug.xcconfig */ = {isa = PBXFileReference; includeInIndex = 1; lastKnownFileType = text.xcconfig; name = Pods.debug.xcconfig; path = "Pods/Target Support Files/Pods/Pods.debug.xcconfig"; sourceTree = "<group>"; };
		967DB7DA645BD3DC6E552208 /* Pods.release.xcconfig */ = {isa = PBXFileReference; includeInIndex = 1; lastKnownFileType = text.xcconfig; name = Pods.release.xcconfig; path = "Pods/Target Support Files/Pods/Pods.release.xcconfig"; sourceTree = "<group>"; };
		B8AD04B5D5070F354C1DD968 /* libPods.a */ = {isa = PBXFileReference; explicitFileType = archive.ar; includeInIndex = 0; path = libPods.a; sourceTree = BUILT_PRODUCTS_DIR; };
/* End PBXFileReference section */

/* Begin PBXFrameworksBuildPhase section */
		18A5DEFF1CDB3B5200B3CEA4 /* Frameworks */ = {
			isa = PBXFrameworksBuildPhase;
			buildActionMask = 2147483647;
			files = (
				35963B9154433103B57D4363 /* libPods.a in Frameworks */,
			);
			runOnlyForDeploymentPostprocessing = 0;
		};
/* End PBXFrameworksBuildPhase section */

/* Begin PBXGroup section */
		18A5DEF91CDB3B5200B3CEA4 = {
			isa = PBXGroup;
			children = (
				18A5DF041CDB3B5200B3CEA4 /* MYJSQProject */,
				18A5DF031CDB3B5200B3CEA4 /* Products */,
				1F564940E71D23BEAA6BB6BC /* Pods */,
				582F2988044FDB0E6B8C6B97 /* Frameworks */,
			);
			sourceTree = "<group>";
		};
		18A5DF031CDB3B5200B3CEA4 /* Products */ = {
			isa = PBXGroup;
			children = (
				18A5DF021CDB3B5200B3CEA4 /* MYJSQProject.app */,
			);
			name = Products;
			sourceTree = "<group>";
		};
		18A5DF041CDB3B5200B3CEA4 /* MYJSQProject */ = {
			isa = PBXGroup;
			children = (
				18A5DF081CDB3B5200B3CEA4 /* AppDelegate.h */,
				18A5DF091CDB3B5200B3CEA4 /* AppDelegate.m */,
				18A5DF0B1CDB3B5200B3CEA4 /* ViewController.h */,
				18A5DF0C1CDB3B5200B3CEA4 /* ViewController.m */,
				18A5DF0E1CDB3B5200B3CEA4 /* Main.storyboard */,
				18A5DF111CDB3B5200B3CEA4 /* Assets.xcassets */,
				18A5DF131CDB3B5200B3CEA4 /* LaunchScreen.storyboard */,
				18A5DF161CDB3B5200B3CEA4 /* Info.plist */,
				18A5DF051CDB3B5200B3CEA4 /* Supporting Files */,
			);
			path = MYJSQProject;
			sourceTree = "<group>";
		};
		18A5DF051CDB3B5200B3CEA4 /* Supporting Files */ = {
			isa = PBXGroup;
			children = (
				18A5DF061CDB3B5200B3CEA4 /* main.m */,
			);
			name = "Supporting Files";
			sourceTree = "<group>";
		};
		1F564940E71D23BEAA6BB6BC /* Pods */ = {
			isa = PBXGroup;
			children = (
				5D48D36D6174B3AABEAE4ACD /* Pods.debug.xcconfig */,
				967DB7DA645BD3DC6E552208 /* Pods.release.xcconfig */,
			);
			name = Pods;
			sourceTree = "<group>";
		};
		582F2988044FDB0E6B8C6B97 /* Frameworks */ = {
			isa = PBXGroup;
			children = (
				B8AD04B5D5070F354C1DD968 /* libPods.a */,
			);
			name = Frameworks;
			sourceTree = "<group>";
		};
/* End PBXGroup section */

/* Begin PBXNativeTarget section */
		18A5DF011CDB3B5200B3CEA4 /* MYJSQProject */ = {
			isa = PBXNativeTarget;
			buildConfigurationList = 18A5DF191CDB3B5200B3CEA4 /* Build configuration list for PBXNativeTarget "MYJSQProject" */;
			buildPhases = (
				16477B82ABBEEC1400C618D0 /* Check Pods Manifest.lock */,
				18A5DEFE1CDB3B5200B3CEA4 /* Sources */,
				18A5DEFF1CDB3B5200B3CEA4 /* Frameworks */,
				18A5DF001CDB3B5200B3CEA4 /* Resources */,
				7BA0D46D9942A9A8C0BFC991 /* Embed Pods Frameworks */,
				1A1F8CE65EB5E94346E24C21 /* Copy Pods Resources */,
			);
			buildRules = (
			);
			dependencies = (
			);
			name = MYJSQProject;
			productName = MYJSQProject;
			productReference = 18A5DF021CDB3B5200B3CEA4 /* MYJSQProject.app */;
			productType = "com.apple.product-type.application";
		};
/* End PBXNativeTarget section */

/* Begin PBXProject section */
		18A5DEFA1CDB3B5200B3CEA4 /* Project object */ = {
			isa = PBXProject;
			attributes = {
				LastUpgradeCheck = 0720;
				ORGANIZATIONNAME = Myantra;
				TargetAttributes = {
					18A5DF011CDB3B5200B3CEA4 = {
						CreatedOnToolsVersion = 7.2;
					};
				};
			};
			buildConfigurationList = 18A5DEFD1CDB3B5200B3CEA4 /* Build configuration list for PBXProject "MYJSQProject" */;
			compatibilityVersion = "Xcode 3.2";
			developmentRegion = English;
			hasScannedForEncodings = 0;
			knownRegions = (
				en,
				Base,
			);
			mainGroup = 18A5DEF91CDB3B5200B3CEA4;
			productRefGroup = 18A5DF031CDB3B5200B3CEA4 /* Products */;
			projectDirPath = "";
			projectRoot = "";
			targets = (
				18A5DF011CDB3B5200B3CEA4 /* MYJSQProject */,
			);
		};
/* End PBXProject section */

/* Begin PBXResourcesBuildPhase section */
		18A5DF001CDB3B5200B3CEA4 /* Resources */ = {
			isa = PBXResourcesBuildPhase;
			buildActionMask = 2147483647;
			files = (
				18A5DF151CDB3B5200B3CEA4 /* LaunchScreen.storyboard in Resources */,
				18A5DF121CDB3B5200B3CEA4 /* Assets.xcassets in Resources */,
				18A5DF101CDB3B5200B3CEA4 /* Main.storyboard in Resources */,
			);
			runOnlyForDeploymentPostprocessing = 0;
		};
/* End PBXResourcesBuildPhase section */

/* Begin PBXShellScriptBuildPhase section */
		16477B82ABBEEC1400C618D0 /* Check Pods Manifest.lock */ = {
			isa = PBXShellScriptBuildPhase;
			buildActionMask = 2147483647;
			files = (
			);
			inputPaths = (
			);
			name = "Check Pods Manifest.lock";
			outputPaths = (
			);
			runOnlyForDeploymentPostprocessing = 0;
			shellPath = /bin/sh;
			shellScript = "diff \"${PODS_ROOT}/../Podfile.lock\" \"${PODS_ROOT}/Manifest.lock\" > /dev/null\nif [[ $? != 0 ]] ; then\n    cat << EOM\nerror: The sandbox is not in sync with the Podfile.lock. Run 'pod install' or update your CocoaPods installation.\nEOM\n    exit 1\nfi\n";
			showEnvVarsInLog = 0;
		};
		1A1F8CE65EB5E94346E24C21 /* Copy Pods Resources */ = {
			isa = PBXShellScriptBuildPhase;
			buildActionMask = 2147483647;
			files = (
			);
			inputPaths = (
			);
			name = "Copy Pods Resources";
			outputPaths = (
			);
			runOnlyForDeploymentPostprocessing = 0;
			shellPath = /bin/sh;
			shellScript = "\"${SRCROOT}/Pods/Target Support Files/Pods/Pods-resources.sh\"\n";
			showEnvVarsInLog = 0;
		};
		7BA0D46D9942A9A8C0BFC991 /* Embed Pods Frameworks */ = {
			isa = PBXShellScriptBuildPhase;
			buildActionMask = 2147483647;
			files = (
			);
			inputPaths = (
			);
			name = "Embed Pods Frameworks";
			outputPaths = (
			);
			runOnlyForDeploymentPostprocessing = 0;
			shellPath = /bin/sh;
			shellScript = "\"${SRCROOT}/Pods/Target Support Files/Pods/Pods-frameworks.sh\"\n";
			showEnvVarsInLog = 0;
		};
/* End PBXShellScriptBuildPhase section */

/* Begin PBXSourcesBuildPhase section */
		18A5DEFE1CDB3B5200B3CEA4 /* Sources */ = {
			isa = PBXSourcesBuildPhase;
			buildActionMask = 2147483647;
			files = (
				18A5DF0D1CDB3B5200B3CEA4 /* ViewController.m in Sources */,
				18A5DF0A1CDB3B5200B3CEA4 /* AppDelegate.m in Sources */,
				18A5DF071CDB3B5200B3CEA4 /* main.m in Sources */,
			);
			runOnlyForDeploymentPostprocessing = 0;
		};
/* End PBXSourcesBuildPhase section */

/* Begin PBXVariantGroup section */
		18A5DF0E1CDB3B5200B3CEA4 /* Main.storyboard */ = {
			isa = PBXVariantGroup;
			children = (
				18A5DF0F1CDB3B5200B3CEA4 /* Base */,
			);
			name = Main.storyboard;
			sourceTree = "<group>";
		};
		18A5DF131CDB3B5200B3CEA4 /* LaunchScreen.storyboard */ = {
			isa = PBXVariantGroup;
			children = (
				18A5DF141CDB3B5200B3CEA4 /* Base */,
			);
			name = LaunchScreen.storyboard;
			sourceTree = "<group>";
		};
/* End PBXVariantGroup section */

/* Begin XCBuildConfiguration section */
		18A5DF171CDB3B5200B3CEA4 /* Debug */ = {
			isa = XCBuildConfiguration;
			buildSettings = {
				ALWAYS_SEARCH_USER_PATHS = NO;
				CLANG_CXX_LANGUAGE_STANDARD = "gnu++0x";
				CLANG_CXX_LIBRARY = "libc++";
				CLANG_ENABLE_MODULES = YES;
				CLANG_ENABLE_OBJC_ARC = YES;
				CLANG_WARN_BOOL_CONVERSION = YES;
				CLANG_WARN_CONSTANT_CONVERSION = YES;
				CLANG_WARN_DIRECT_OBJC_ISA_USAGE = YES_ERROR;
				CLANG_WARN_EMPTY_BODY = YES;
				CLANG_WARN_ENUM_CONVERSION = YES;
				CLANG_WARN_INT_CONVERSION = YES;
				CLANG_WARN_OBJC_ROOT_CLASS = YES_ERROR;
				CLANG_WARN_UNREACHABLE_CODE = YES;
				CLANG_WARN__DUPLICATE_METHOD_MATCH = YES;
				"CODE_SIGN_IDENTITY[sdk=iphoneos*]" = "iPhone Developer";
				COPY_PHASE_STRIP = NO;
				DEBUG_INFORMATION_FORMAT = dwarf;
				ENABLE_STRICT_OBJC_MSGSEND = YES;
				ENABLE_TESTABILITY = YES;
				GCC_C_LANGUAGE_STANDARD = gnu99;
				GCC_DYNAMIC_NO_PIC = NO;
				GCC_NO_COMMON_BLOCKS = YES;
				GCC_OPTIMIZATION_LEVEL = 0;
				GCC_PREPROCESSOR_DEFINITIONS = (
					"DEBUG=1",
					"$(inherited)",
				);
				GCC_WARN_64_TO_32_BIT_CONVERSION = YES;
				GCC_WARN_ABOUT_RETURN_TYPE = YES_ERROR;
				GCC_WARN_UNDECLARED_SELECTOR = YES;
				GCC_WARN_UNINITIALIZED_AUTOS = YES_AGGRESSIVE;
				GCC_WARN_UNUSED_FUNCTION = YES;
				GCC_WARN_UNUSED_VARIABLE = YES;
				IPHONEOS_DEPLOYMENT_TARGET = 9.2;
				MTL_ENABLE_DEBUG_INFO = YES;
				ONLY_ACTIVE_ARCH = YES;
				SDKROOT = iphoneos;
				TARGETED_DEVICE_FAMILY = "1,2";
			};
			name = Debug;
		};
		18A5DF181CDB3B5200B3CEA4 /* Release */ = {
			isa = XCBuildConfiguration;
			buildSettings = {
				ALWAYS_SEARCH_USER_PATHS = NO;
				CLANG_CXX_LANGUAGE_STANDARD = "gnu++0x";
				CLANG_CXX_LIBRARY = "libc++";
				CLANG_ENABLE_MODULES = YES;
				CLANG_ENABLE_OBJC_ARC = YES;
				CLANG_WARN_BOOL_CONVERSION = YES;
				CLANG_WARN_CONSTANT_CONVERSION = YES;
				CLANG_WARN_DIRECT_OBJC_ISA_USAGE = YES_ERROR;
				CLANG_WARN_EMPTY_BODY = YES;
				CLANG_WARN_ENUM_CONVERSION = YES;
				CLANG_WARN_INT_CONVERSION = YES;
				CLANG_WARN_OBJC_ROOT_CLASS = YES_ERROR;
				CLANG_WARN_UNREACHABLE_CODE = YES;
				CLANG_WARN__DUPLICATE_METHOD_MATCH = YES;
				"CODE_SIGN_IDENTITY[sdk=iphoneos*]" = "iPhone Developer";
				COPY_PHASE_STRIP = NO;
				DEBUG_INFORMATION_FORMAT = "dwarf-with-dsym";
				ENABLE_NS_ASSERTIONS = NO;
				ENABLE_STRICT_OBJC_MSGSEND = YES;
				GCC_C_LANGUAGE_STANDARD = gnu99;
				GCC_NO_COMMON_BLOCKS = YES;
				GCC_WARN_64_TO_32_BIT_CONVERSION = YES;
				GCC_WARN_ABOUT_RETURN_TYPE = YES_ERROR;
				GCC_WARN_UNDECLARED_SELECTOR = YES;
				GCC_WARN_UNINITIALIZED_AUTOS = YES_AGGRESSIVE;
				GCC_WARN_UNUSED_FUNCTION = YES;
				GCC_WARN_UNUSED_VARIABLE = YES;
				IPHONEOS_DEPLOYMENT_TARGET = 9.2;
				MTL_ENABLE_DEBUG_INFO = NO;
				SDKROOT = iphoneos;
				TARGETED_DEVICE_FAMILY = "1,2";
				VALIDATE_PRODUCT = YES;
			};
			name = Release;
		};
		18A5DF1A1CDB3B5200B3CEA4 /* Debug */ = {
			isa = XCBuildConfiguration;
			baseConfigurationReference = 5D48D36D6174B3AABEAE4ACD /* Pods.debug.xcconfig */;
			buildSettings = {
				ASSETCATALOG_COMPILER_APPICON_NAME = AppIcon;
				INFOPLIST_FILE = MYJSQProject/Info.plist;
				LD_RUNPATH_SEARCH_PATHS = "$(inherited) @executable_path/Frameworks";
				PRODUCT_BUNDLE_IDENTIFIER = com.myantra.MYJSQProject;
				PRODUCT_NAME = "$(TARGET_NAME)";
			};
			name = Debug;
		};
		18A5DF1B1CDB3B5200B3CEA4 /* Release */ = {
			isa = XCBuildConfiguration;
			baseConfigurationReference = 967DB7DA645BD3DC6E552208 /* Pods.release.xcconfig */;
			buildSettings = {
				ASSETCATALOG_COMPILER_APPICON_NAME = AppIcon;
				INFOPLIST_FILE = MYJSQProject/Info.plist;
				LD_RUNPATH_SEARCH_PATHS = "$(inherited) @executable_path/Frameworks";
				PRODUCT_BUNDLE_IDENTIFIER = com.myantra.MYJSQProject;
				PRODUCT_NAME = "$(TARGET_NAME)";
			};
			name = Release;
		};
/* End XCBuildConfiguration section */

/* Begin XCConfigurationList section */
		18A5DEFD1CDB3B5200B3CEA4 /* Build configuration list for PBXProject "MYJSQProject" */ = {
			isa = XCConfigurationList;
			buildConfigurations = (
				18A5DF171CDB3B5200B3CEA4 /* Debug */,
				18A5DF181CDB3B5200B3CEA4 /* Release */,
			);
			defaultConfigurationIsVisible = 0;
			defaultConfigurationName = Release;
		};
		18A5DF191CDB3B5200B3CEA4 /* Build configuration list for PBXNativeTarget "MYJSQProject" */ = {
			isa = XCConfigurationList;
			buildConfigurations = (
				18A5DF1A1CDB3B5200B3CEA4 /* Debug */,
				18A5DF1B1CDB3B5200B3CEA4 /* Release */,
			);
			defaultConfigurationIsVisible = 0;
			defaultConfigurationName = Release;
		};
/* End XCConfigurationList section */
	};
	rootObject = 18A5DEFA1CDB3B5200B3CEA4 /* Project object */;
}
